
Microsoft Visual Studio Solution File, Format Version 12.00
# Visual Studio Version 16
VisualStudioVersion = 16.0.31729.503
MinimumVisualStudioVersion = 10.0.40219.1
Project("{FAE04EC0-301F-11D3-BF4B-00C04F79EFBC}") = "Open Food Facts", "Open Food Facts.csproj", "{30037F1D-C19D-4705-B2AF-981CF11C33EE}"
EndProject
Global
	GlobalSection(SolutionConfigurationPlatforms) = preSolution
		Debug|Any CPU = Debug|Any CPU
		Release|Any CPU = Release|Any CPU
	EndGlobalSection
	GlobalSection(ProjectConfigurationPlatforms) = postSolution
		{30037F1D-C19D-4705-B2AF-981CF11C33EE}.Debug|Any CPU.ActiveCfg = Debug|Any CPU
		{30037F1D-C19D-4705-B2AF-981CF11C33EE}.Debug|Any CPU.Build.0 = Debug|Any CPU
		{30037F1D-C19D-4705-B2AF-981CF11C33EE}.Release|Any CPU.ActiveCfg = Release|Any CPU
		{30037F1D-C19D-4705-B2AF-981CF11C33EE}.Release|Any CPU.Build.0 = Release|Any CPU
	EndGlobalSection
	GlobalSection(SolutionProperties) = preSolution
		HideSolutionNode = FALSE
	EndGlobalSection
	GlobalSection(ExtensibilityGlobals) = postSolution
		SolutionGuid = {DAE9E31E-E324-4EEE-8631-863E7B29C7BE}
	EndGlobalSection
EndGlobal
